// !$*UTF8*$!
{
	archiveVersion = 1;
	classes = {
	};
	objectVersion = 77;
	objects = {

/* Begin PBXBuildFile section */
		B58358922DEDD4E10066B32E /* Defaults in Frameworks */ = {isa = PBXBuildFile; productRef = B58358912DEDD4E10066B32E /* Defaults */; };
		B58358952DEDD55B0066B32E /* GRDB in Frameworks */ = {isa = PBXBuildFile; productRef = B58358942DEDD55B0066B32E /* GRDB */; };
		B58358982DEDD5790066B32E /* Kingfisher in Frameworks */ = {isa = PBXBuildFile; productRef = B58358972DEDD5790066B32E /* Kingfisher */; };
		B583589B2DEDD5980066B32E /* OpenAI in Frameworks */ = {isa = PBXBuildFile; productRef = B583589A2DEDD5980066B32E /* OpenAI */; };
		B58358A42DEDD6090066B32E /* cmark-gfm in Frameworks */ = {isa = PBXBuildFile; productRef = B58358A32DEDD6090066B32E /* cmark-gfm */; };
		B58358A62DEDD6090066B32E /* cmark-gfm-extensions in Frameworks */ = {isa = PBXBuildFile; productRef = B58358A52DEDD6090066B32E /* cmark-gfm-extensions */; };
		B58359BA2DEDDB170066B32E /* StoreKit.framework in Frameworks */ = {isa = PBXBuildFile; fileRef = B58359B92DEDDB170066B32E /* StoreKit.framework */; };
		B58359F12DEDDF860066B32E /* ShareExtension.appex in Embed Foundation Extensions */ = {isa = PBXBuildFile; fileRef = B58359E72DEDDF860066B32E /* ShareExtension.appex */; settings = {ATTRIBUTES = (RemoveHeadersOnCopy, ); }; };
		B5835B182DEDE07C0066B32E /* ServiceExtension.appex in Embed Foundation Extensions */ = {isa = PBXBuildFile; fileRef = B5835B112DEDE07C0066B32E /* ServiceExtension.appex */; settings = {ATTRIBUTES = (RemoveHeadersOnCopy, ); }; };
		B5835B222DEDE0930066B32E /* UserNotifications.framework in Frameworks */ = {isa = PBXBuildFile; fileRef = B58359D12DEDDF360066B32E /* UserNotifications.framework */; };
		B5835B232DEDE0930066B32E /* UserNotificationsUI.framework in Frameworks */ = {isa = PBXBuildFile; fileRef = B58359D32DEDDF360066B32E /* UserNotificationsUI.framework */; };
		B5835B2D2DEDE0930066B32E /* ContentExtension.appex in Embed Foundation Extensions */ = {isa = PBXBuildFile; fileRef = B5835B212DEDE0930066B32E /* ContentExtension.appex */; settings = {ATTRIBUTES = (RemoveHeadersOnCopy, ); }; };
		B5835D2E2DEDF3370066B32E /* Defaults in Frameworks */ = {isa = PBXBuildFile; productRef = B5835D2D2DEDF3370066B32E /* Defaults */; };
		B5835D302DEDF3370066B32E /* Kingfisher in Frameworks */ = {isa = PBXBuildFile; productRef = B5835D2F2DEDF3370066B32E /* Kingfisher */; };
		B5835D362DEDF9090066B32E /* Defaults in Frameworks */ = {isa = PBXBuildFile; productRef = B5835D352DEDF9090066B32E /* Defaults */; };
		B5835D382DEDF9090066B32E /* GRDB in Frameworks */ = {isa = PBXBuildFile; productRef = B5835D372DEDF9090066B32E /* GRDB */; };
		B5835D3A2DEDF9090066B32E /* Kingfisher in Frameworks */ = {isa = PBXBuildFile; productRef = B5835D392DEDF9090066B32E /* Kingfisher */; };
		B5835D3E2DEDF92A0066B32E /* cmark-gfm in Frameworks */ = {isa = PBXBuildFile; productRef = B5835D3D2DEDF92A0066B32E /* cmark-gfm */; };
		B5835D402DEDF92A0066B32E /* cmark-gfm-extensions in Frameworks */ = {isa = PBXBuildFile; productRef = B5835D3F2DEDF92A0066B32E /* cmark-gfm-extensions */; };
		B5835D612DEDFD070066B32E /* Defaults in Frameworks */ = {isa = PBXBuildFile; productRef = B5835D602DEDFD070066B32E /* Defaults */; };
		BA22E77D2ED4AE38001CF636 /* WebKit.framework in Frameworks */ = {isa = PBXBuildFile; fileRef = B5835D7B2DEE14C10066B32E /* WebKit.framework */; };
		BA66AB682F2CC02E00ADEDF5 /* cmark-gfm in Frameworks */ = {isa = PBXBuildFile; productRef = B5835D772DEDFFF90066B32E /* cmark-gfm */; };
		BA66AB692F2CC02E00ADEDF5 /* cmark-gfm-extensions in Frameworks */ = {isa = PBXBuildFile; productRef = B5835D792DEDFFF90066B32E /* cmark-gfm-extensions */; };
		BAAA191F2F390F3300E0D66F /* MarkdownUI in Frameworks */ = {isa = PBXBuildFile; productRef = BAAA191E2F390F3300E0D66F /* MarkdownUI */; };
		BAAA19212F390F3300E0D66F /* Splash in Frameworks */ = {isa = PBXBuildFile; productRef = BAAA19202F390F3300E0D66F /* Splash */; };
		BAAA19242F390F5600E0D66F /* QRScanner in Frameworks */ = {isa = PBXBuildFile; productRef = BAAA19232F390F5600E0D66F /* QRScanner */; };
		BAB479812ED2392C00EE84AC /* Zip in Frameworks */ = {isa = PBXBuildFile; productRef = BAB479802ED2392C00EE84AC /* Zip */; };
/* End PBXBuildFile section */

/* Begin PBXContainerItemProxy section */
		B58359EF2DEDDF860066B32E /* PBXContainerItemProxy */ = {
			isa = PBXContainerItemProxy;
			containerPortal = B58357EF2DEDD3B10066B32E /* Project object */;
			proxyType = 1;
			remoteGlobalIDString = B58359E62DEDDF860066B32E;
			remoteInfo = ShareExtension;
		};
		B5835B162DEDE07C0066B32E /* PBXContainerItemProxy */ = {
			isa = PBXContainerItemProxy;
			containerPortal = B58357EF2DEDD3B10066B32E /* Project object */;
			proxyType = 1;
			remoteGlobalIDString = B5835B102DEDE07C0066B32E;
			remoteInfo = ServiceExtension;
		};
		B5835B2B2DEDE0930066B32E /* PBXContainerItemProxy */ = {
			isa = PBXContainerItemProxy;
			containerPortal = B58357EF2DEDD3B10066B32E /* Project object */;
			proxyType = 1;
			remoteGlobalIDString = B5835B202DEDE0930066B32E;
			remoteInfo = ContentExtension;
		};
/* End PBXContainerItemProxy section */

/* Begin PBXCopyFilesBuildPhase section */
		B52794812E3B877800578952 /* Embed Frameworks */ = {
			isa = PBXCopyFilesBuildPhase;
			buildActionMask = 2147483647;
			dstPath = "";
			dstSubfolderSpec = 10;
			files = (
			);
			name = "Embed Frameworks";
			runOnlyForDeploymentPostprocessing = 0;
		};
		B58359CB2DEDDF180066B32E /* Embed Foundation Extensions */ = {
			isa = PBXCopyFilesBuildPhase;
			buildActionMask = 2147483647;
			dstPath = "";
			dstSubfolderSpec = 13;
			files = (
				B58359F12DEDDF860066B32E /* ShareExtension.appex in Embed Foundation Extensions */,
				B5835B2D2DEDE0930066B32E /* ContentExtension.appex in Embed Foundation Extensions */,
				B5835B182DEDE07C0066B32E /* ServiceExtension.appex in Embed Foundation Extensions */,
			);
			name = "Embed Foundation Extensions";
			runOnlyForDeploymentPostprocessing = 0;
		};
		BAB21AFF2EC6B7510003F7A3 /* Embed Watch Content */ = {
			isa = PBXCopyFilesBuildPhase;
			buildActionMask = 2147483647;
			dstPath = "$(CONTENTS_FOLDER_PATH)/Watch";
			dstSubfolderSpec = 16;
			files = (
			);
			name = "Embed Watch Content";
			runOnlyForDeploymentPostprocessing = 0;
		};
/* End PBXCopyFilesBuildPhase section */

/* Begin PBXFileReference section */
		B58357F72DEDD3B10066B32E /* NoLet.app */ = {isa = PBXFileReference; explicitFileType = wrapper.application; includeInIndex = 0; path = NoLet.app; sourceTree = BUILT_PRODUCTS_DIR; };
		B58359B92DEDDB170066B32E /* StoreKit.framework */ = {isa = PBXFileReference; lastKnownFileType = wrapper.framework; name = StoreKit.framework; path = System/Library/Frameworks/StoreKit.framework; sourceTree = SDKROOT; };
		B58359D12DEDDF360066B32E /* UserNotifications.framework */ = {isa = PBXFileReference; lastKnownFileType = wrapper.framework; name = UserNotifications.framework; path = System/Library/Frameworks/UserNotifications.framework; sourceTree = SDKROOT; };
		B58359D32DEDDF360066B32E /* UserNotificationsUI.framework */ = {isa = PBXFileReference; lastKnownFileType = wrapper.framework; name = UserNotificationsUI.framework; path = System/Library/Frameworks/UserNotificationsUI.framework; sourceTree = SDKROOT; };
		B58359E72DEDDF860066B32E /* ShareExtension.appex */ = {isa = PBXFileReference; explicitFileType = "wrapper.app-extension"; includeInIndex = 0; path = ShareExtension.appex; sourceTree = BUILT_PRODUCTS_DIR; };
		B58359FD2DEDDFE10066B32E /* SwiftUI.framework */ = {isa = PBXFileReference; lastKnownFileType = wrapper.framework; name = SwiftUI.framework; path = System/Library/Frameworks/SwiftUI.framework; sourceTree = SDKROOT; };
		B5835B112DEDE07C0066B32E /* ServiceExtension.appex */ = {isa = PBXFileReference; explicitFileType = "wrapper.app-extension"; includeInIndex = 0; path = ServiceExtension.appex; sourceTree = BUILT_PRODUCTS_DIR; };
		B5835B212DEDE0930066B32E /* ContentExtension.appex */ = {isa = PBXFileReference; explicitFileType = "wrapper.app-extension"; includeInIndex = 0; path = ContentExtension.appex; sourceTree = BUILT_PRODUCTS_DIR; };
		B5835D7B2DEE14C10066B32E /* WebKit.framework */ = {isa = PBXFileReference; lastKnownFileType = wrapper.framework; name = WebKit.framework; path = System/Library/Frameworks/WebKit.framework; sourceTree = SDKROOT; };
		B5AA557B2E6D63FF000F3042 /* ci_pre_xcodebuild.sh */ = {isa = PBXFileReference; lastKnownFileType = text.script.sh; path = ci_pre_xcodebuild.sh; sourceTree = "<group>"; };
		B5AA557F2E6D71D8000F3042 /* ci_post_clone.sh */ = {isa = PBXFileReference; lastKnownFileType = text.script.sh; path = ci_post_clone.sh; sourceTree = "<group>"; };
		B5AA55802E6D71F3000F3042 /* ci_post_xcodebuild.sh */ = {isa = PBXFileReference; lastKnownFileType = text.script.sh; path = ci_post_xcodebuild.sh; sourceTree = "<group>"; };
		BA66AD902F2E2B3A00ADEDF5 /* AuthenticationServices.framework */ = {isa = PBXFileReference; lastKnownFileType = wrapper.framework; name = AuthenticationServices.framework; path = System/Library/Frameworks/AuthenticationServices.framework; sourceTree = SDKROOT; };
		BAC5A8162ED1B0DD00BCC38B /* translate.py */ = {isa = PBXFileReference; lastKnownFileType = text.script.python; path = translate.py; sourceTree = "<group>"; };
/* End PBXFileReference section */

/* Begin PBXFileSystemSynchronizedBuildFileExceptionSet section */
		B58358092DEDD3B40066B32E /* Exceptions for "NoLet" folder in "NoLet" target */ = {
			isa = PBXFileSystemSynchronizedBuildFileExceptionSet;
			membershipExceptions = (
				Info.plist,
			);
			target = B58357F62DEDD3B10066B32E /* NoLet */;
		};
		B58359F52DEDDF860066B32E /* Exceptions for "ShareExtension" folder in "ShareExtension" target */ = {
			isa = PBXFileSystemSynchronizedBuildFileExceptionSet;
			membershipExceptions = (
				Info.plist,
			);
			target = B58359E62DEDDF860066B32E /* ShareExtension */;
		};
		B5835B1C2DEDE07C0066B32E /* Exceptions for "ServiceExtension" folder in "ServiceExtension" target */ = {
			isa = PBXFileSystemSynchronizedBuildFileExceptionSet;
			membershipExceptions = (
				Info.plist,
			);
			target = B5835B102DEDE07C0066B32E /* ServiceExtension */;
		};
		B5835B312DEDE0930066B32E /* Exceptions for "ContentExtension" folder in "ContentExtension" target */ = {
			isa = PBXFileSystemSynchronizedBuildFileExceptionSet;
			membershipExceptions = (
				Info.plist,
			);
			target = B5835B202DEDE0930066B32E /* ContentExtension */;
		};
		B5835C4F2DEDE29A0066B32E /* Exceptions for "Publics" folder in "ShareExtension" target */ = {
			isa = PBXFileSystemSynchronizedBuildFileExceptionSet;
			membershipExceptions = (
				BaseConfig.swift,
				DefaultsBaseKeys.swift,
				Domap.swift,
				Enums/AppIconEnum.swift,
				Enums/IdentifiersEnum.swift,
				Enums/PBSchemeEnum.swift,
				Enums/SettingsEnum.swift,
				"Extensions/Color+.swift",
				"Extensions/Data+.swift",
				"Extensions/Date+.swift",
				"Extensions/Encodable+.swift",
				"Extensions/Image+.swift",
				Extensions/Logo.swift,
				"Extensions/String+.swift",
				"Extensions/Type+.swift",
				"Extensions/URL+.swift",
				"Extensions/View+.swift",
				Managers/CloudManager.swift,
				Managers/cryptoManager.swift,
				Models/PushIconModel.swift,
				ToolsBox.swift,
			);
			target = B58359E62DEDDF860066B32E /* ShareExtension */;
		};
		B5835D272DEDF0830066B32E /* Exceptions for "Publics" folder in "ContentExtension" target */ = {
			isa = PBXFileSystemSynchronizedBuildFileExceptionSet;
			membershipExceptions = (
				BaseConfig.swift,
				DefaultsBaseKeys.swift,
				DefaultsModelKeys.swift,
				Domap.swift,
				Enums/AppIconEnum.swift,
				Enums/IdentifiersEnum.swift,
				Enums/PBSchemeEnum.swift,
				Enums/SettingsEnum.swift,
				"Extensions/Color+.swift",
				"Extensions/Data+.swift",
				"Extensions/Date+.swift",
				"Extensions/Encodable+.swift",
				"Extensions/Image+.swift",
				Extensions/Logo.swift,
				"Extensions/String+.swift",
				"Extensions/Type+.swift",
				"Extensions/URL+.swift",
				Managers/cryptoManager.swift,
				Managers/ImageManager.swift,
				Managers/NetworkManager.swift,
				Markdown.swift,
				Models/PushServerModel.swift,
				PushParams.swift,
				ToolsBox.swift,
			);
			target = B5835B202DEDE0930066B32E /* ContentExtension */;
		};
		B5835D442DEDF95D0066B32E /* Exceptions for "Publics" folder in "ServiceExtension" target */ = {
			isa = PBXFileSystemSynchronizedBuildFileExceptionSet;
			membershipExceptions = (
				AudioConversion.swift,
				BaseConfig.swift,
				DefaultsBaseKeys.swift,
				DefaultsModelKeys.swift,
				Domap.swift,
				Enums/AppIconEnum.swift,
				Enums/IdentifiersEnum.swift,
				Enums/PBSchemeEnum.swift,
				Enums/SettingsEnum.swift,
				"Extensions/Color+.swift",
				"Extensions/Data+.swift",
				"Extensions/Date+.swift",
				"Extensions/Encodable+.swift",
				"Extensions/Image+.swift",
				Extensions/Logo.swift,
				"Extensions/String+.swift",
				"Extensions/Type+.swift",
				"Extensions/URL+.swift",
				Managers/CloudManager.swift,
				Managers/cryptoManager.swift,
				Managers/DatabaseManager.swift,
				Managers/ImageManager.swift,
				Managers/MessagesManager.swift,
				Managers/NetworkManager.swift,
				Markdown.swift,
				Models/MessageModel.swift,
				Models/PushIconModel.swift,
				Models/PushServerModel.swift,
				PushParams.swift,
				ToolsBox.swift,
			);
			target = B5835B102DEDE07C0066B32E /* ServiceExtension */;
		};
		BA394DFC2ED3F29A00E524E3 /* Exceptions for "Sounds" folder in "ServiceExtension" target */ = {
			isa = PBXFileSystemSynchronizedBuildFileExceptionSet;
			membershipExceptions = (
				birdsong.caf,
				bubble.caf,
				call.caf,
				calypso.caf,
				charging.caf,
				com.caf,
				craft.caf,
				ddd.caf,
				dong.caf,
				double.caf,
				fanfare.caf,
				fault.caf,
				fist.caf,
				frog.caf,
				game.caf,
				glass.caf,
				gold.caf,
				health.caf,
				hello.caf,
				horn.caf,
				kiss.caf,
				kong.caf,
				laser.caf,
				multiway.caf,
				nolet.caf,
				popcorn.caf,
				qrcode.aac,
				readygo.caf,
				repeat.caf,
				run.caf,
				runb.caf,
				share.aac,
				shooting.caf,
				silence.caf,
				success.caf,
				tiptoes.caf,
				trill.caf,
				typewriter.caf,
				water.caf,
				xiu.caf,
			);
			target = B5835B102DEDE07C0066B32E /* ServiceExtension */;
		};
		BA7B13A22EFC5D84000288F8 /* Exceptions for "NoLet" folder in "ShareExtension" target */ = {
			isa = PBXFileSystemSynchronizedBuildFileExceptionSet;
			membershipExceptions = (
				OtherViews/ColoredBorder.swift,
				OtherViews/TagField.swift,
				OtherViews/UploadIclondIcon.swift,
			);
			target = B58359E62DEDDF860066B32E /* ShareExtension */;
		};
		BAB6784A2EC1F5AB0023BD7B /* Exceptions for "Sounds" folder in "NoLet" target */ = {
			isa = PBXFileSystemSynchronizedBuildFileExceptionSet;
			membershipExceptions = (
				birdsong.caf,
				bubble.caf,
				call.caf,
				calypso.caf,
				charging.caf,
				com.caf,
				craft.caf,
				ddd.caf,
				dong.caf,
				double.caf,
				fanfare.caf,
				fault.caf,
				fist.caf,
				frog.caf,
				game.caf,
				glass.caf,
				gold.caf,
				health.caf,
				hello.caf,
				horn.caf,
				kiss.caf,
				kong.caf,
				laser.caf,
				multiway.caf,
				nolet.caf,
				popcorn.caf,
				qrcode.aac,
				readygo.caf,
				repeat.caf,
				run.caf,
				runb.caf,
				share.aac,
				shooting.caf,
				silence.caf,
				success.caf,
				tiptoes.caf,
				trill.caf,
				typewriter.caf,
				water.caf,
				xiu.caf,
			);
			target = B58357F62DEDD3B10066B32E /* NoLet */;
		};
/* End PBXFileSystemSynchronizedBuildFileExceptionSet section */

/* Begin PBXFileSystemSynchronizedRootGroup section */
		B58357F92DEDD3B10066B32E /* NoLet */ = {
			isa = PBXFileSystemSynchronizedRootGroup;
			exceptions = (
				B58358092DEDD3B40066B32E /* Exceptions for "NoLet" folder in "NoLet" target */,
				BA7B13A22EFC5D84000288F8 /* Exceptions for "NoLet" folder in "ShareExtension" target */,
			);
			path = NoLet;
			sourceTree = "<group>";
		};
		B58359E82DEDDF860066B32E /* ShareExtension */ = {
			isa = PBXFileSystemSynchronizedRootGroup;
			exceptions = (
				B58359F52DEDDF860066B32E /* Exceptions for "ShareExtension" folder in "ShareExtension" target */,
			);
			path = ShareExtension;
			sourceTree = "<group>";
		};
		B5835ABD2DEDE0490066B32E /* Publics */ = {
			isa = PBXFileSystemSynchronizedRootGroup;
			exceptions = (
				B5835C4F2DEDE29A0066B32E /* Exceptions for "Publics" folder in "ShareExtension" target */,
				B5835D442DEDF95D0066B32E /* Exceptions for "Publics" folder in "ServiceExtension" target */,
				B5835D272DEDF0830066B32E /* Exceptions for "Publics" folder in "ContentExtension" target */,
			);
			path = Publics;
			sourceTree = "<group>";
		};
		B5835B122DEDE07C0066B32E /* ServiceExtension */ = {
			isa = PBXFileSystemSynchronizedRootGroup;
			exceptions = (
				B5835B1C2DEDE07C0066B32E /* Exceptions for "ServiceExtension" folder in "ServiceExtension" target */,
			);
			path = ServiceExtension;
			sourceTree = "<group>";
		};
		B5835B242DEDE0930066B32E /* ContentExtension */ = {
			isa = PBXFileSystemSynchronizedRootGroup;
			exceptions = (
				B5835B312DEDE0930066B32E /* Exceptions for "ContentExtension" folder in "ContentExtension" target */,
			);
			explicitFolders = (
				css,
			);
			path = ContentExtension;
			sourceTree = "<group>";
		};
		B5835BC12DEDE1020066B32E /* Sounds */ = {
			isa = PBXFileSystemSynchronizedRootGroup;
			exceptions = (
				BAB6784A2EC1F5AB0023BD7B /* Exceptions for "Sounds" folder in "NoLet" target */,
				BA394DFC2ED3F29A00E524E3 /* Exceptions for "Sounds" folder in "ServiceExtension" target */,
			);
			path = Sounds;
			sourceTree = "<group>";
		};
/* End PBXFileSystemSynchronizedRootGroup section */

/* Begin PBXFrameworksBuildPhase section */
		B58357F42DEDD3B10066B32E /* Frameworks */ = {
			isa = PBXFrameworksBuildPhase;
			buildActionMask = 2147483647;
			files = (
				B58358982DEDD5790066B32E /* Kingfisher in Frameworks */,
				BAB479812ED2392C00EE84AC /* Zip in Frameworks */,
				B58358922DEDD4E10066B32E /* Defaults in Frameworks */,
				BAAA191F2F390F3300E0D66F /* MarkdownUI in Frameworks */,
				B583589B2DEDD5980066B32E /* OpenAI in Frameworks */,
				BAAA19242F390F5600E0D66F /* QRScanner in Frameworks */,
				BAAA19212F390F3300E0D66F /* Splash in Frameworks */,
				B58358952DEDD55B0066B32E /* GRDB in Frameworks */,
				B58358A42DEDD6090066B32E /* cmark-gfm in Frameworks */,
				B58358A62DEDD6090066B32E /* cmark-gfm-extensions in Frameworks */,
				B58359BA2DEDDB170066B32E /* StoreKit.framework in Frameworks */,
			);
			runOnlyForDeploymentPostprocessing = 0;
		};
		B58359E42DEDDF860066B32E /* Frameworks */ = {
			isa = PBXFrameworksBuildPhase;
			buildActionMask = 2147483647;
			files = (
				B5835D612DEDFD070066B32E /* Defaults in Frameworks */,
			);
			runOnlyForDeploymentPostprocessing = 0;
		};
		B5835B0E2DEDE07C0066B32E /* Frameworks */ = {
			isa = PBXFrameworksBuildPhase;
			buildActionMask = 2147483647;
			files = (
				B5835D3A2DEDF9090066B32E /* Kingfisher in Frameworks */,
				B5835D362DEDF9090066B32E /* Defaults in Frameworks */,
				B5835D382DEDF9090066B32E /* GRDB in Frameworks */,
				B5835D402DEDF92A0066B32E /* cmark-gfm-extensions in Frameworks */,
				B5835D3E2DEDF92A0066B32E /* cmark-gfm in Frameworks */,
			);
			runOnlyForDeploymentPostprocessing = 0;
		};
		B5835B1E2DEDE0930066B32E /* Frameworks */ = {
			isa = PBXFrameworksBuildPhase;
			buildActionMask = 2147483647;
			files = (
				BA66AB692F2CC02E00ADEDF5 /* cmark-gfm-extensions in Frameworks */,
				BA66AB682F2CC02E00ADEDF5 /* cmark-gfm in Frameworks */,
				BA22E77D2ED4AE38001CF636 /* WebKit.framework in Frameworks */,
				B5835D302DEDF3370066B32E /* Kingfisher in Frameworks */,
				B5835D2E2DEDF3370066B32E /* Defaults in Frameworks */,
				B5835B232DEDE0930066B32E /* UserNotificationsUI.framework in Frameworks */,
				B5835B222DEDE0930066B32E /* UserNotifications.framework in Frameworks */,
			);
			runOnlyForDeploymentPostprocessing = 0;
		};
/* End PBXFrameworksBuildPhase section */

/* Begin PBXGroup section */
		B58357EE2DEDD3B10066B32E = {
			isa = PBXGroup;
			children = (
				B5AA55772E6D5DA7000F3042 /* ci_scripts */,
				B5835ABD2DEDE0490066B32E /* Publics */,
				B58357F92DEDD3B10066B32E /* NoLet */,
				B58359E82DEDDF860066B32E /* ShareExtension */,
				B5835B122DEDE07C0066B32E /* ServiceExtension */,
				B5835B242DEDE0930066B32E /* ContentExtension */,
				B58359B82DEDDB170066B32E /* Frameworks */,
				B58357F82DEDD3B10066B32E /* Products */,
				B5835BC12DEDE1020066B32E /* Sounds */,
			);
			sourceTree = "<group>";
		};
		B58357F82DEDD3B10066B32E /* Products */ = {
			isa = PBXGroup;
			children = (
				B58357F72DEDD3B10066B32E /* NoLet.app */,
				B58359E72DEDDF860066B32E /* ShareExtension.appex */,
				B5835B112DEDE07C0066B32E /* ServiceExtension.appex */,
				B5835B212DEDE0930066B32E /* ContentExtension.appex */,
			);
			name = Products;
			sourceTree = "<group>";
		};
		B58359B82DEDDB170066B32E /* Frameworks */ = {
			isa = PBXGroup;
			children = (
				B5835D7B2DEE14C10066B32E /* WebKit.framework */,
				B58359B92DEDDB170066B32E /* StoreKit.framework */,
				B58359D12DEDDF360066B32E /* UserNotifications.framework */,
				B58359D32DEDDF360066B32E /* UserNotificationsUI.framework */,
				B58359FD2DEDDFE10066B32E /* SwiftUI.framework */,
				BA66AD902F2E2B3A00ADEDF5 /* AuthenticationServices.framework */,
			);
			name = Frameworks;
			sourceTree = "<group>";
		};
		B5AA55772E6D5DA7000F3042 /* ci_scripts */ = {
			isa = PBXGroup;
			children = (
				BAC5A8162ED1B0DD00BCC38B /* translate.py */,
				B5AA55802E6D71F3000F3042 /* ci_post_xcodebuild.sh */,
				B5AA557B2E6D63FF000F3042 /* ci_pre_xcodebuild.sh */,
				B5AA557F2E6D71D8000F3042 /* ci_post_clone.sh */,
			);
			path = ci_scripts;
			sourceTree = "<group>";
		};
/* End PBXGroup section */

/* Begin PBXNativeTarget section */
		B58357F62DEDD3B10066B32E /* NoLet */ = {
			isa = PBXNativeTarget;
			buildConfigurationList = B583580A2DEDD3B40066B32E /* Build configuration list for PBXNativeTarget "NoLet" */;
			buildPhases = (
				B58357F32DEDD3B10066B32E /* Sources */,
				B58357F42DEDD3B10066B32E /* Frameworks */,
				B58357F52DEDD3B10066B32E /* Resources */,
				B58359CB2DEDDF180066B32E /* Embed Foundation Extensions */,
				B52794812E3B877800578952 /* Embed Frameworks */,
				BAB21AFF2EC6B7510003F7A3 /* Embed Watch Content */,
			);
			buildRules = (
			);
			dependencies = (
				B58359F02DEDDF860066B32E /* PBXTargetDependency */,
				B5835B172DEDE07C0066B32E /* PBXTargetDependency */,
				B5835B2C2DEDE0930066B32E /* PBXTargetDependency */,
			);
			fileSystemSynchronizedGroups = (
				B58357F92DEDD3B10066B32E /* NoLet */,
				B5835ABD2DEDE0490066B32E /* Publics */,
			);
			name = NoLet;
			packageProductDependencies = (
				B58358912DEDD4E10066B32E /* Defaults */,
				B58358942DEDD55B0066B32E /* GRDB */,
				B58358972DEDD5790066B32E /* Kingfisher */,
				B583589A2DEDD5980066B32E /* OpenAI */,
				B58358A32DEDD6090066B32E /* cmark-gfm */,
				B58358A52DEDD6090066B32E /* cmark-gfm-extensions */,
				BAB479802ED2392C00EE84AC /* Zip */,
				BA2F863D2F2311AC00CEBC4F /* MarkdownUI */,
				BA2F863F2F2311AC00CEBC4F /* Splash */,
				BA71767C2F233E4900D1BF03 /* MarkdownUI */,
				BA8197872F2B003D00623275 /* Splash */,
				BA66AD762F2CD8D800ADEDF5 /* MarkdownUI */,
				BA66AD782F2CD8D800ADEDF5 /* Splash */,
				BA66AD802F2DBE4B00ADEDF5 /* QRScanner */,
				BA47C6162F305FF900866562 /* MarkdownUI */,
				BA47C6182F305FF900866562 /* Splash */,
				BA47C6252F307D1700866562 /* MarkdownUI */,
				BA47C6272F307D1700866562 /* Splash */,
				BA47C6322F31FCC600866562 /* MarkdownUI */,
				BA47C6342F31FCC600866562 /* Splash */,
				BA47C63E2F32293F00866562 /* MarkdownUI */,
				BA47C6402F32293F00866562 /* Splash */,
				BAAA191E2F390F3300E0D66F /* MarkdownUI */,
				BAAA19202F390F3300E0D66F /* Splash */,
				BAAA19232F390F5600E0D66F /* QRScanner */,
			);
			productName = pushme;
			productReference = B58357F72DEDD3B10066B32E /* NoLet.app */;
			productType = "com.apple.product-type.application";
		};
		B58359E62DEDDF860066B32E /* ShareExtension */ = {
			isa = PBXNativeTarget;
			buildConfigurationList = B58359F22DEDDF860066B32E /* Build configuration list for PBXNativeTarget "ShareExtension" */;
			buildPhases = (
				B58359E32DEDDF860066B32E /* Sources */,
				B58359E42DEDDF860066B32E /* Frameworks */,
				B58359E52DEDDF860066B32E /* Resources */,
			);
			buildRules = (
			);
			dependencies = (
			);
			fileSystemSynchronizedGroups = (
				B58359E82DEDDF860066B32E /* ShareExtension */,
			);
			name = ShareExtension;
			packageProductDependencies = (
				B5835D602DEDFD070066B32E /* Defaults */,
			);
			productName = ShareExtension;
			productReference = B58359E72DEDDF860066B32E /* ShareExtension.appex */;
			productType = "com.apple.product-type.app-extension";
		};
		B5835B102DEDE07C0066B32E /* ServiceExtension */ = {
			isa = PBXNativeTarget;
			buildConfigurationList = B5835B192DEDE07C0066B32E /* Build configuration list for PBXNativeTarget "ServiceExtension" */;
			buildPhases = (
				B5835B0D2DEDE07C0066B32E /* Sources */,
				B5835B0E2DEDE07C0066B32E /* Frameworks */,
				B5835B0F2DEDE07C0066B32E /* Resources */,
			);
			buildRules = (
			);
			dependencies = (
			);
			fileSystemSynchronizedGroups = (
				B5835B122DEDE07C0066B32E /* ServiceExtension */,
			);
			name = ServiceExtension;
			packageProductDependencies = (
				B5835D352DEDF9090066B32E /* Defaults */,
				B5835D372DEDF9090066B32E /* GRDB */,
				B5835D392DEDF9090066B32E /* Kingfisher */,
				B5835D3D2DEDF92A0066B32E /* cmark-gfm */,
				B5835D3F2DEDF92A0066B32E /* cmark-gfm-extensions */,
			);
			productName = ServiceExtension;
			productReference = B5835B112DEDE07C0066B32E /* ServiceExtension.appex */;
			productType = "com.apple.product-type.app-extension";
		};
		B5835B202DEDE0930066B32E /* ContentExtension */ = {
			isa = PBXNativeTarget;
			buildConfigurationList = B5835B2E2DEDE0930066B32E /* Build configuration list for PBXNativeTarget "ContentExtension" */;
			buildPhases = (
				B5835B1D2DEDE0930066B32E /* Sources */,
				B5835B1E2DEDE0930066B32E /* Frameworks */,
				B5835B1F2DEDE0930066B32E /* Resources */,
			);
			buildRules = (
			);
			dependencies = (
			);
			fileSystemSynchronizedGroups = (
				B5835B242DEDE0930066B32E /* ContentExtension */,
			);
			name = ContentExtension;
			packageProductDependencies = (
				B5835D2D2DEDF3370066B32E /* Defaults */,
				B5835D2F2DEDF3370066B32E /* Kingfisher */,
				B5835D772DEDFFF90066B32E /* cmark-gfm */,
				B5835D792DEDFFF90066B32E /* cmark-gfm-extensions */,
			);
			productName = ContentExtension;
			productReference = B5835B212DEDE0930066B32E /* ContentExtension.appex */;
			productType = "com.apple.product-type.app-extension";
		};
/* End PBXNativeTarget section */

/* Begin PBXProject section */
		B58357EF2DEDD3B10066B32E /* Project object */ = {
			isa = PBXProject;
			attributes = {
				BuildIndependentTargetsInParallel = 1;
				LastSwiftUpdateCheck = 2620;
				LastUpgradeCheck = 2600;
				TargetAttributes = {
					B58357F62DEDD3B10066B32E = {
						CreatedOnToolsVersion = 16.3;
					};
					B58359E62DEDDF860066B32E = {
						CreatedOnToolsVersion = 16.3;
					};
					B5835B102DEDE07C0066B32E = {
						CreatedOnToolsVersion = 16.3;
					};
					B5835B202DEDE0930066B32E = {
						CreatedOnToolsVersion = 16.3;
						LastSwiftMigration = 1630;
					};
				};
			};
			buildConfigurationList = B58357F22DEDD3B10066B32E /* Build configuration list for PBXProject "NoLet" */;
			developmentRegion = en;
			hasScannedForEncodings = 0;
			knownRegions = (
				en,
				Base,
				"zh-Hans",
				ja,
				ko,
			);
			mainGroup = B58357EE2DEDD3B10066B32E;
			minimizedProjectReferenceProxies = 1;
			packageReferences = (
				B58358902DEDD4E10066B32E /* XCRemoteSwiftPackageReference "Defaults" */,
				B58358932DEDD55B0066B32E /* XCRemoteSwiftPackageReference "GRDB.swift" */,
				B58358962DEDD5790066B32E /* XCRemoteSwiftPackageReference "Kingfisher" */,
				B58358992DEDD5980066B32E /* XCRemoteSwiftPackageReference "OpenAI" */,
				B58358A22DEDD6090066B32E /* XCRemoteSwiftPackageReference "swift-cmark" */,
				BAB4797F2ED2392C00EE84AC /* XCRemoteSwiftPackageReference "Zip" */,
				BAAA191D2F390F3300E0D66F /* XCRemoteSwiftPackageReference "swift-markdown-ui" */,
				BAAA19222F390F5600E0D66F /* XCRemoteSwiftPackageReference "QRScanner" */,
			);
			preferredProjectObjectVersion = 77;
			productRefGroup = B58357F82DEDD3B10066B32E /* Products */;
			projectDirPath = "";
			projectRoot = "";
			targets = (
				B58357F62DEDD3B10066B32E /* NoLet */,
				B58359E62DEDDF860066B32E /* ShareExtension */,
				B5835B102DEDE07C0066B32E /* ServiceExtension */,
				B5835B202DEDE0930066B32E /* ContentExtension */,
			);
		};
/* End PBXProject section */

/* Begin PBXResourcesBuildPhase section */
		B58357F52DEDD3B10066B32E /* Resources */ = {
			isa = PBXResourcesBuildPhase;
			buildActionMask = 2147483647;
			files = (
			);
			runOnlyForDeploymentPostprocessing = 0;
		};
		B58359E52DEDDF860066B32E /* Resources */ = {
			isa = PBXResourcesBuildPhase;
			buildActionMask = 2147483647;
			files = (
			);
			runOnlyForDeploymentPostprocessing = 0;
		};
		B5835B0F2DEDE07C0066B32E /* Resources */ = {
			isa = PBXResourcesBuildPhase;
			buildActionMask = 2147483647;
			files = (
			);
			runOnlyForDeploymentPostprocessing = 0;
		};
		B5835B1F2DEDE0930066B32E /* Resources */ = {
			isa = PBXResourcesBuildPhase;
			buildActionMask = 2147483647;
			files = (
			);
			runOnlyForDeploymentPostprocessing = 0;
		};
/* End PBXResourcesBuildPhase section */

/* Begin PBXSourcesBuildPhase section */
		B58357F32DEDD3B10066B32E /* Sources */ = {
			isa = PBXSourcesBuildPhase;
			buildActionMask = 2147483647;
			files = (
			);
			runOnlyForDeploymentPostprocessing = 0;
		};
		B58359E32DEDDF860066B32E /* Sources */ = {
			isa = PBXSourcesBuildPhase;
			buildActionMask = 2147483647;
			files = (
			);
			runOnlyForDeploymentPostprocessing = 0;
		};
		B5835B0D2DEDE07C0066B32E /* Sources */ = {
			isa = PBXSourcesBuildPhase;
			buildActionMask = 2147483647;
			files = (
			);
			runOnlyForDeploymentPostprocessing = 0;
		};
		B5835B1D2DEDE0930066B32E /* Sources */ = {
			isa = PBXSourcesBuildPhase;
			buildActionMask = 2147483647;
			files = (
			);
			runOnlyForDeploymentPostprocessing = 0;
		};
/* End PBXSourcesBuildPhase section */

/* Begin PBXTargetDependency section */
		B58359F02DEDDF860066B32E /* PBXTargetDependency */ = {
			isa = PBXTargetDependency;
			target = B58359E62DEDDF860066B32E /* ShareExtension */;
			targetProxy = B58359EF2DEDDF860066B32E /* PBXContainerItemProxy */;
		};
		B5835B172DEDE07C0066B32E /* PBXTargetDependency */ = {
			isa = PBXTargetDependency;
			target = B5835B102DEDE07C0066B32E /* ServiceExtension */;
			targetProxy = B5835B162DEDE07C0066B32E /* PBXContainerItemProxy */;
		};
		B5835B2C2DEDE0930066B32E /* PBXTargetDependency */ = {
			isa = PBXTargetDependency;
			target = B5835B202DEDE0930066B32E /* ContentExtension */;
			targetProxy = B5835B2B2DEDE0930066B32E /* PBXContainerItemProxy */;
		};
/* End PBXTargetDependency section */

/* Begin XCBuildConfiguration section */
		B583580B2DEDD3B40066B32E /* Debug */ = {
			isa = XCBuildConfiguration;
			buildSettings = {
				ASSETCATALOG_COMPILER_APPICON_NAME = nolet;
				ASSETCATALOG_COMPILER_GLOBAL_ACCENT_COLOR_NAME = AccentColor;
				ASSETCATALOG_COMPILER_INCLUDE_ALL_APPICON_ASSETS = YES;
				CODE_SIGN_ENTITLEMENTS = NoLet/NoLet.entitlements;
				CODE_SIGN_STYLE = Automatic;
				CURRENT_PROJECT_VERSION = 1;
				DEVELOPMENT_TEAM = FUWV6U942Q;
				GENERATE_INFOPLIST_FILE = YES;
				HEADER_SEARCH_PATHS = "";
				INFOPLIST_FILE = NoLet/Info.plist;
				INFOPLIST_KEY_CFBundleDisplayName = Nox;
				INFOPLIST_KEY_ITSAppUsesNonExemptEncryption = NO;
				INFOPLIST_KEY_NSCameraUsageDescription = "we need access to you Camera";
				INFOPLIST_KEY_NSLocalNetworkUsageDescription = "We need the local network to send information";
				INFOPLIST_KEY_NSMicrophoneUsageDescription = "We need to access your microphone for pushtalk";
				INFOPLIST_KEY_NSPhotoLibraryAddUsageDescription = "We need access to your photo album！";
				INFOPLIST_KEY_NSPhotoLibraryUsageDescription = "We need to access your photo library to select pictures and send notifications";
				INFOPLIST_KEY_NSSiriUsageDescription = "We need to access siri to provide you with message search and deletion functions.";
				INFOPLIST_KEY_NSSpeechRecognitionUsageDescription = "Recognize voice messages as text";
				INFOPLIST_KEY_UIApplicationSupportsIndirectInputEvents = YES;
				INFOPLIST_KEY_UILaunchStoryboardName = LaunchScreen;
				INFOPLIST_KEY_UISupportedInterfaceOrientations_iPad = "UIInterfaceOrientationPortrait UIInterfaceOrientationPortraitUpsideDown UIInterfaceOrientationLandscapeLeft UIInterfaceOrientationLandscapeRight";
				INFOPLIST_KEY_UISupportedInterfaceOrientations_iPhone = "UIInterfaceOrientationPortrait UIInterfaceOrientationLandscapeLeft UIInterfaceOrientationLandscapeRight";
				IPHONEOS_DEPLOYMENT_TARGET = 16.0;
				LD_RUNPATH_SEARCH_PATHS = (
					"$(inherited)",
					"@executable_path/Frameworks",
				);
				LIBRARY_SEARCH_PATHS = (
					"$(inherited)",
					"$(PROJECT_DIR)/NoLet",
					"$(PROJECT_DIR)",
				);
				MARKETING_VERSION = 2.2.7;
				OTHER_LDFLAGS = "";
				PRODUCT_BUNDLE_IDENTIFIER = me.uuneo.Meoworld;
				PRODUCT_NAME = "$(TARGET_NAME)";
				SUPPORTED_PLATFORMS = "iphoneos iphonesimulator";
				SUPPORTS_MACCATALYST = NO;
				SUPPORTS_MAC_DESIGNED_FOR_IPHONE_IPAD = YES;
				SWIFT_EMIT_LOC_STRINGS = YES;
				SWIFT_OBJC_BRIDGING_HEADER = "";
				SWIFT_VERSION = 6.0;
				TARGETED_DEVICE_FAMILY = "1,2";
			};
			name = Debug;
		};
		B583580C2DEDD3B40066B32E /* Release */ = {
			isa = XCBuildConfiguration;
			buildSettings = {
				ASSETCATALOG_COMPILER_APPICON_NAME = nolet;
				ASSETCATALOG_COMPILER_GLOBAL_ACCENT_COLOR_NAME = AccentColor;
				ASSETCATALOG_COMPILER_INCLUDE_ALL_APPICON_ASSETS = YES;
				CODE_SIGN_ENTITLEMENTS = NoLet/NoLet.entitlements;
				CODE_SIGN_STYLE = Automatic;
				CURRENT_PROJECT_VERSION = 1;
				DEVELOPMENT_TEAM = FUWV6U942Q;
				GENERATE_INFOPLIST_FILE = YES;
				HEADER_SEARCH_PATHS = "";
				INFOPLIST_FILE = NoLet/Info.plist;
				INFOPLIST_KEY_CFBundleDisplayName = Nox;
				INFOPLIST_KEY_ITSAppUsesNonExemptEncryption = NO;
				INFOPLIST_KEY_NSCameraUsageDescription = "we need access to you Camera";
				INFOPLIST_KEY_NSLocalNetworkUsageDescription = "We need the local network to send information";
				INFOPLIST_KEY_NSMicrophoneUsageDescription = "We need to access your microphone for pushtalk";
				INFOPLIST_KEY_NSPhotoLibraryAddUsageDescription = "We need access to your photo album！";
				INFOPLIST_KEY_NSPhotoLibraryUsageDescription = "We need to access your photo library to select pictures and send notifications";
				INFOPLIST_KEY_NSSiriUsageDescription = "We need to access siri to provide you with message search and deletion functions.";
				INFOPLIST_KEY_NSSpeechRecognitionUsageDescription = "Recognize voice messages as text";
				INFOPLIST_KEY_UIApplicationSupportsIndirectInputEvents = YES;
				INFOPLIST_KEY_UILaunchStoryboardName = LaunchScreen;
				INFOPLIST_KEY_UISupportedInterfaceOrientations_iPad = "UIInterfaceOrientationPortrait UIInterfaceOrientationPortraitUpsideDown UIInterfaceOrientationLandscapeLeft UIInterfaceOrientationLandscapeRight";
				INFOPLIST_KEY_UISupportedInterfaceOrientations_iPhone = "UIInterfaceOrientationPortrait UIInterfaceOrientationLandscapeLeft UIInterfaceOrientationLandscapeRight";
				IPHONEOS_DEPLOYMENT_TARGET = 16.0;
				LD_RUNPATH_SEARCH_PATHS = (
					"$(inherited)",
					"@executable_path/Frameworks",
				);
				LIBRARY_SEARCH_PATHS = (
					"$(inherited)",
					"$(PROJECT_DIR)/NoLet",
					"$(PROJECT_DIR)",
				);
				MARKETING_VERSION = 2.2.7;
				OTHER_LDFLAGS = "";
				PRODUCT_BUNDLE_IDENTIFIER = me.uuneo.Meoworld;
				PRODUCT_NAME = "$(TARGET_NAME)";
				SUPPORTED_PLATFORMS = "iphoneos iphonesimulator";
				SUPPORTS_MACCATALYST = NO;
				SUPPORTS_MAC_DESIGNED_FOR_IPHONE_IPAD = YES;
				SWIFT_EMIT_LOC_STRINGS = YES;
				SWIFT_OBJC_BRIDGING_HEADER = "";
				SWIFT_VERSION = 6.0;
				TARGETED_DEVICE_FAMILY = "1,2";
			};
			name = Release;
		};
		B583580D2DEDD3B40066B32E /* Debug */ = {
			isa = XCBuildConfiguration;
			buildSettings = {
				ALWAYS_SEARCH_USER_PATHS = NO;
				ASSETCATALOG_COMPILER_GENERATE_SWIFT_ASSET_SYMBOL_EXTENSIONS = YES;
				CLANG_ANALYZER_LOCALIZABILITY_NONLOCALIZED = YES;
				CLANG_ANALYZER_NONNULL = YES;
				CLANG_ANALYZER_NUMBER_OBJECT_CONVERSION = YES_AGGRESSIVE;
				CLANG_CXX_LANGUAGE_STANDARD = "gnu++20";
				CLANG_ENABLE_MODULES = YES;
				CLANG_ENABLE_OBJC_ARC = YES;
				CLANG_ENABLE_OBJC_WEAK = YES;
				CLANG_WARN_BLOCK_CAPTURE_AUTORELEASING = YES;
				CLANG_WARN_BOOL_CONVERSION = YES;
				CLANG_WARN_COMMA = YES;
				CLANG_WARN_CONSTANT_CONVERSION = YES;
				CLANG_WARN_DEPRECATED_OBJC_IMPLEMENTATIONS = YES;
				CLANG_WARN_DIRECT_OBJC_ISA_USAGE = YES_ERROR;
				CLANG_WARN_DOCUMENTATION_COMMENTS = YES;
				CLANG_WARN_EMPTY_BODY = YES;
				CLANG_WARN_ENUM_CONVERSION = YES;
				CLANG_WARN_INFINITE_RECURSION = YES;
				CLANG_WARN_INT_CONVERSION = YES;
				CLANG_WARN_NON_LITERAL_NULL_CONVERSION = YES;
				CLANG_WARN_OBJC_IMPLICIT_RETAIN_SELF = YES;
				CLANG_WARN_OBJC_LITERAL_CONVERSION = YES;
				CLANG_WARN_OBJC_ROOT_CLASS = YES_ERROR;
				CLANG_WARN_QUOTED_INCLUDE_IN_FRAMEWORK_HEADER = YES;
				CLANG_WARN_RANGE_LOOP_ANALYSIS = YES;
				CLANG_WARN_STRICT_PROTOTYPES = YES;
				CLANG_WARN_SUSPICIOUS_MOVE = YES;
				CLANG_WARN_UNGUARDED_AVAILABILITY = YES_AGGRESSIVE;
				CLANG_WARN_UNREACHABLE_CODE = YES;
				CLANG_WARN__DUPLICATE_METHOD_MATCH = YES;
				COPY_PHASE_STRIP = NO;
				DEBUG_INFORMATION_FORMAT = dwarf;
				DEVELOPMENT_TEAM = FUWV6U942Q;
				ENABLE_STRICT_OBJC_MSGSEND = YES;
				ENABLE_TESTABILITY = YES;
				ENABLE_USER_SCRIPT_SANDBOXING = YES;
				GCC_C_LANGUAGE_STANDARD = gnu17;
				GCC_DYNAMIC_NO_PIC = NO;
				GCC_NO_COMMON_BLOCKS = YES;
				GCC_OPTIMIZATION_LEVEL = 0;
				GCC_PREPROCESSOR_DEFINITIONS = (
					"DEBUG=1",
					"$(inherited)",
				);
				GCC_WARN_64_TO_32_BIT_CONVERSION = YES;
				GCC_WARN_ABOUT_RETURN_TYPE = YES_ERROR;
				GCC_WARN_UNDECLARED_SELECTOR = YES;
				GCC_WARN_UNINITIALIZED_AUTOS = YES_AGGRESSIVE;
				GCC_WARN_UNUSED_FUNCTION = YES;
				GCC_WARN_UNUSED_VARIABLE = YES;
				HEADER_SEARCH_PATHS = "";
				IPHONEOS_DEPLOYMENT_TARGET = 18.4;
				LOCALIZATION_PREFERS_STRING_CATALOGS = YES;
				MTL_ENABLE_DEBUG_INFO = INCLUDE_SOURCE;
				MTL_FAST_MATH = YES;
				ONLY_ACTIVE_ARCH = YES;
				SDKROOT = iphoneos;
				STRING_CATALOG_GENERATE_SYMBOLS = YES;
				SWIFT_ACTIVE_COMPILATION_CONDITIONS = "DEBUG $(inherited)";
				SWIFT_DEFAULT_ACTOR_ISOLATION = MainActor;
				SWIFT_EMIT_LOC_STRINGS = YES;
				SWIFT_OBJC_BRIDGING_HEADER = "";
				SWIFT_OPTIMIZATION_LEVEL = "-Onone";
				SWIFT_VERSION = 6.0;
			};
			name = Debug;
		};
		B583580E2DEDD3B40066B32E /* Release */ = {
			isa = XCBuildConfiguration;
			buildSettings = {
				ALWAYS_SEARCH_USER_PATHS = NO;
				ASSETCATALOG_COMPILER_GENERATE_SWIFT_ASSET_SYMBOL_EXTENSIONS = YES;
				CLANG_ANALYZER_LOCALIZABILITY_NONLOCALIZED = YES;
				CLANG_ANALYZER_NONNULL = YES;
				CLANG_ANALYZER_NUMBER_OBJECT_CONVERSION = YES_AGGRESSIVE;
				CLANG_CXX_LANGUAGE_STANDARD = "gnu++20";
				CLANG_ENABLE_MODULES = YES;
				CLANG_ENABLE_OBJC_ARC = YES;
				CLANG_ENABLE_OBJC_WEAK = YES;
				CLANG_WARN_BLOCK_CAPTURE_AUTORELEASING = YES;
				CLANG_WARN_BOOL_CONVERSION = YES;
				CLANG_WARN_COMMA = YES;
				CLANG_WARN_CONSTANT_CONVERSION = YES;
				CLANG_WARN_DEPRECATED_OBJC_IMPLEMENTATIONS = YES;
				CLANG_WARN_DIRECT_OBJC_ISA_USAGE = YES_ERROR;
				CLANG_WARN_DOCUMENTATION_COMMENTS = YES;
				CLANG_WARN_EMPTY_BODY = YES;
				CLANG_WARN_ENUM_CONVERSION = YES;
				CLANG_WARN_INFINITE_RECURSION = YES;
				CLANG_WARN_INT_CONVERSION = YES;
				CLANG_WARN_NON_LITERAL_NULL_CONVERSION = YES;
				CLANG_WARN_OBJC_IMPLICIT_RETAIN_SELF = YES;
				CLANG_WARN_OBJC_LITERAL_CONVERSION = YES;
				CLANG_WARN_OBJC_ROOT_CLASS = YES_ERROR;
				CLANG_WARN_QUOTED_INCLUDE_IN_FRAMEWORK_HEADER = YES;
				CLANG_WARN_RANGE_LOOP_ANALYSIS = YES;
				CLANG_WARN_STRICT_PROTOTYPES = YES;
				CLANG_WARN_SUSPICIOUS_MOVE = YES;
				CLANG_WARN_UNGUARDED_AVAILABILITY = YES_AGGRESSIVE;
				CLANG_WARN_UNREACHABLE_CODE = YES;
				CLANG_WARN__DUPLICATE_METHOD_MATCH = YES;
				COPY_PHASE_STRIP = NO;
				DEBUG_INFORMATION_FORMAT = "dwarf-with-dsym";
				DEVELOPMENT_TEAM = FUWV6U942Q;
				ENABLE_NS_ASSERTIONS = NO;
				ENABLE_STRICT_OBJC_MSGSEND = YES;
				ENABLE_USER_SCRIPT_SANDBOXING = YES;
				GCC_C_LANGUAGE_STANDARD = gnu17;
				GCC_NO_COMMON_BLOCKS = YES;
				GCC_WARN_64_TO_32_BIT_CONVERSION = YES;
				GCC_WARN_ABOUT_RETURN_TYPE = YES_ERROR;
				GCC_WARN_UNDECLARED_SELECTOR = YES;
				GCC_WARN_UNINITIALIZED_AUTOS = YES_AGGRESSIVE;
				GCC_WARN_UNUSED_FUNCTION = YES;
				GCC_WARN_UNUSED_VARIABLE = YES;
				HEADER_SEARCH_PATHS = "";
				IPHONEOS_DEPLOYMENT_TARGET = 18.4;
				LOCALIZATION_PREFERS_STRING_CATALOGS = YES;
				MTL_ENABLE_DEBUG_INFO = NO;
				MTL_FAST_MATH = YES;
				SDKROOT = iphoneos;
				STRING_CATALOG_GENERATE_SYMBOLS = YES;
				SWIFT_COMPILATION_MODE = wholemodule;
				SWIFT_DEFAULT_ACTOR_ISOLATION = MainActor;
				SWIFT_EMIT_LOC_STRINGS = YES;
				SWIFT_OBJC_BRIDGING_HEADER = "";
				SWIFT_VERSION = 6.0;
				VALIDATE_PRODUCT = YES;
			};
			name = Release;
		};
		B58359F32DEDDF860066B32E /* Debug */ = {
			isa = XCBuildConfiguration;
			buildSettings = {
				CODE_SIGN_ENTITLEMENTS = ShareExtension/ShareExtension.entitlements;
				CODE_SIGN_STYLE = Automatic;
				CURRENT_PROJECT_VERSION = 1;
				DEVELOPMENT_TEAM = FUWV6U942Q;
				GENERATE_INFOPLIST_FILE = YES;
				INFOPLIST_FILE = ShareExtension/Info.plist;
				INFOPLIST_KEY_CFBundleDisplayName = ShareExtension;
				INFOPLIST_KEY_NSHumanReadableCopyright = "";
				IPHONEOS_DEPLOYMENT_TARGET = 16.0;
				LD_RUNPATH_SEARCH_PATHS = (
					"$(inherited)",
					"@executable_path/Frameworks",
					"@executable_path/../../Frameworks",
				);
				MARKETING_VERSION = 2.2.7;
				PRODUCT_BUNDLE_IDENTIFIER = me.uuneo.Meoworld.ShareExtension;
				PRODUCT_NAME = "$(TARGET_NAME)";
				SKIP_INSTALL = YES;
				SWIFT_DEFAULT_ACTOR_ISOLATION = MainActor;
				SWIFT_EMIT_LOC_STRINGS = YES;
				SWIFT_OBJC_BRIDGING_HEADER = "";
				SWIFT_PRECOMPILE_BRIDGING_HEADER = YES;
				SWIFT_VERSION = 6.0;
				TARGETED_DEVICE_FAMILY = "1,2";
			};
			name = Debug;
		};
		B58359F42DEDDF860066B32E /* Release */ = {
			isa = XCBuildConfiguration;
			buildSettings = {
				CODE_SIGN_ENTITLEMENTS = ShareExtension/ShareExtension.entitlements;
				CODE_SIGN_STYLE = Automatic;
				CURRENT_PROJECT_VERSION = 1;
				DEVELOPMENT_TEAM = FUWV6U942Q;
				GENERATE_INFOPLIST_FILE = YES;
				INFOPLIST_FILE = ShareExtension/Info.plist;
				INFOPLIST_KEY_CFBundleDisplayName = ShareExtension;
				INFOPLIST_KEY_NSHumanReadableCopyright = "";
				IPHONEOS_DEPLOYMENT_TARGET = 16.0;
				LD_RUNPATH_SEARCH_PATHS = (
					"$(inherited)",
					"@executable_path/Frameworks",
					"@executable_path/../../Frameworks",
				);
				MARKETING_VERSION = 2.2.7;
				PRODUCT_BUNDLE_IDENTIFIER = me.uuneo.Meoworld.ShareExtension;
				PRODUCT_NAME = "$(TARGET_NAME)";
				SKIP_INSTALL = YES;
				SWIFT_DEFAULT_ACTOR_ISOLATION = MainActor;
				SWIFT_EMIT_LOC_STRINGS = YES;
				SWIFT_OBJC_BRIDGING_HEADER = "";
				SWIFT_PRECOMPILE_BRIDGING_HEADER = YES;
				SWIFT_VERSION = 6.0;
				TARGETED_DEVICE_FAMILY = "1,2";
			};
			name = Release;
		};
		B5835B1A2DEDE07C0066B32E /* Debug */ = {
			isa = XCBuildConfiguration;
			buildSettings = {
				CODE_SIGN_ENTITLEMENTS = ServiceExtension/ServiceExtension.entitlements;
				CODE_SIGN_STYLE = Automatic;
				CURRENT_PROJECT_VERSION = 1;
				DEVELOPMENT_TEAM = FUWV6U942Q;
				GENERATE_INFOPLIST_FILE = YES;
				INFOPLIST_FILE = ServiceExtension/Info.plist;
				INFOPLIST_KEY_CFBundleDisplayName = ServiceExtension;
				INFOPLIST_KEY_NSHumanReadableCopyright = "";
				IPHONEOS_DEPLOYMENT_TARGET = 16.0;
				LD_RUNPATH_SEARCH_PATHS = (
					"$(inherited)",
					"@executable_path/Frameworks",
					"@executable_path/../../Frameworks",
				);
				MARKETING_VERSION = 2.2.7;
				PRODUCT_BUNDLE_IDENTIFIER = me.uuneo.Meoworld.ServiceExtension;
				PRODUCT_NAME = "$(TARGET_NAME)";
				SKIP_INSTALL = YES;
				SWIFT_DEFAULT_ACTOR_ISOLATION = MainActor;
				SWIFT_EMIT_LOC_STRINGS = YES;
				SWIFT_OBJC_BRIDGING_HEADER = "";
				SWIFT_PRECOMPILE_BRIDGING_HEADER = YES;
				SWIFT_VERSION = 6.0;
				TARGETED_DEVICE_FAMILY = "1,2";
			};
			name = Debug;
		};
		B5835B1B2DEDE07C0066B32E /* Release */ = {
			isa = XCBuildConfiguration;
			buildSettings = {
				CODE_SIGN_ENTITLEMENTS = ServiceExtension/ServiceExtension.entitlements;
				CODE_SIGN_STYLE = Automatic;
				CURRENT_PROJECT_VERSION = 1;
				DEVELOPMENT_TEAM = FUWV6U942Q;
				GENERATE_INFOPLIST_FILE = YES;
				INFOPLIST_FILE = ServiceExtension/Info.plist;
				INFOPLIST_KEY_CFBundleDisplayName = ServiceExtension;
				INFOPLIST_KEY_NSHumanReadableCopyright = "";
				IPHONEOS_DEPLOYMENT_TARGET = 16.0;
				LD_RUNPATH_SEARCH_PATHS = (
					"$(inherited)",
					"@executable_path/Frameworks",
					"@executable_path/../../Frameworks",
				);
				MARKETING_VERSION = 2.2.7;
				PRODUCT_BUNDLE_IDENTIFIER = me.uuneo.Meoworld.ServiceExtension;
				PRODUCT_NAME = "$(TARGET_NAME)";
				SKIP_INSTALL = YES;
				SWIFT_DEFAULT_ACTOR_ISOLATION = MainActor;
				SWIFT_EMIT_LOC_STRINGS = YES;
				SWIFT_OBJC_BRIDGING_HEADER = "";
				SWIFT_PRECOMPILE_BRIDGING_HEADER = YES;
				SWIFT_VERSION = 6.0;
				TARGETED_DEVICE_FAMILY = "1,2";
			};
			name = Release;
		};
		B5835B2F2DEDE0930066B32E /* Debug */ = {
			isa = XCBuildConfiguration;
			buildSettings = {
				CLANG_ENABLE_MODULES = YES;
				CODE_SIGN_ENTITLEMENTS = ContentExtension/ContentExtension.entitlements;
				CODE_SIGN_STYLE = Automatic;
				CURRENT_PROJECT_VERSION = 1;
				DEVELOPMENT_TEAM = FUWV6U942Q;
				GENERATE_INFOPLIST_FILE = YES;
				INFOPLIST_FILE = ContentExtension/Info.plist;
				INFOPLIST_KEY_CFBundleDisplayName = ContentExtension;
				INFOPLIST_KEY_NSHumanReadableCopyright = "";
				IPHONEOS_DEPLOYMENT_TARGET = 16.0;
				LD_RUNPATH_SEARCH_PATHS = (
					"$(inherited)",
					"@executable_path/Frameworks",
					"@executable_path/../../Frameworks",
				);
				MARKETING_VERSION = 2.2.7;
				PRODUCT_BUNDLE_IDENTIFIER = me.uuneo.Meoworld.ContentExtension;
				PRODUCT_NAME = "$(TARGET_NAME)";
				SKIP_INSTALL = YES;
				SWIFT_DEFAULT_ACTOR_ISOLATION = MainActor;
				SWIFT_EMIT_LOC_STRINGS = YES;
				SWIFT_OPTIMIZATION_LEVEL = "-Onone";
				SWIFT_PRECOMPILE_BRIDGING_HEADER = YES;
				SWIFT_VERSION = 6.0;
				TARGETED_DEVICE_FAMILY = "1,2";
			};
			name = Debug;
		};
		B5835B302DEDE0930066B32E /* Release */ = {
			isa = XCBuildConfiguration;
			buildSettings = {
				CLANG_ENABLE_MODULES = YES;
				CODE_SIGN_ENTITLEMENTS = ContentExtension/ContentExtension.entitlements;
				CODE_SIGN_STYLE = Automatic;
				CURRENT_PROJECT_VERSION = 1;
				DEVELOPMENT_TEAM = FUWV6U942Q;
				GENERATE_INFOPLIST_FILE = YES;
				INFOPLIST_FILE = ContentExtension/Info.plist;
				INFOPLIST_KEY_CFBundleDisplayName = ContentExtension;
				INFOPLIST_KEY_NSHumanReadableCopyright = "";
				IPHONEOS_DEPLOYMENT_TARGET = 16.0;
				LD_RUNPATH_SEARCH_PATHS = (
					"$(inherited)",
					"@executable_path/Frameworks",
					"@executable_path/../../Frameworks",
				);
				MARKETING_VERSION = 2.2.7;
				PRODUCT_BUNDLE_IDENTIFIER = me.uuneo.Meoworld.ContentExtension;
				PRODUCT_NAME = "$(TARGET_NAME)";
				SKIP_INSTALL = YES;
				SWIFT_DEFAULT_ACTOR_ISOLATION = MainActor;
				SWIFT_EMIT_LOC_STRINGS = YES;
				SWIFT_PRECOMPILE_BRIDGING_HEADER = YES;
				SWIFT_VERSION = 6.0;
				TARGETED_DEVICE_FAMILY = "1,2";
			};
			name = Release;
		};
/* End XCBuildConfiguration section */

/* Begin XCConfigurationList section */
		B58357F22DEDD3B10066B32E /* Build configuration list for PBXProject "NoLet" */ = {
			isa = XCConfigurationList;
			buildConfigurations = (
				B583580D2DEDD3B40066B32E /* Debug */,
				B583580E2DEDD3B40066B32E /* Release */,
			);
			defaultConfigurationIsVisible = 0;
			defaultConfigurationName = Release;
		};
		B583580A2DEDD3B40066B32E /* Build configuration list for PBXNativeTarget "NoLet" */ = {
			isa = XCConfigurationList;
			buildConfigurations = (
				B583580B2DEDD3B40066B32E /* Debug */,
				B583580C2DEDD3B40066B32E /* Release */,
			);
			defaultConfigurationIsVisible = 0;
			defaultConfigurationName = Release;
		};
		B58359F22DEDDF860066B32E /* Build configuration list for PBXNativeTarget "ShareExtension" */ = {
			isa = XCConfigurationList;
			buildConfigurations = (
				B58359F32DEDDF860066B32E /* Debug */,
				B58359F42DEDDF860066B32E /* Release */,
			);
			defaultConfigurationIsVisible = 0;
			defaultConfigurationName = Release;
		};
		B5835B192DEDE07C0066B32E /* Build configuration list for PBXNativeTarget "ServiceExtension" */ = {
			isa = XCConfigurationList;
			buildConfigurations = (
				B5835B1A2DEDE07C0066B32E /* Debug */,
				B5835B1B2DEDE07C0066B32E /* Release */,
			);
			defaultConfigurationIsVisible = 0;
			defaultConfigurationName = Release;
		};
		B5835B2E2DEDE0930066B32E /* Build configuration list for PBXNativeTarget "ContentExtension" */ = {
			isa = XCConfigurationList;
			buildConfigurations = (
				B5835B2F2DEDE0930066B32E /* Debug */,
				B5835B302DEDE0930066B32E /* Release */,
			);
			defaultConfigurationIsVisible = 0;
			defaultConfigurationName = Release;
		};
/* End XCConfigurationList section */

/* Begin XCRemoteSwiftPackageReference section */
		B58358902DEDD4E10066B32E /* XCRemoteSwiftPackageReference "Defaults" */ = {
			isa = XCRemoteSwiftPackageReference;
			repositoryURL = "https://github.com/sindresorhus/Defaults.git";
			requirement = {
				kind = upToNextMajorVersion;
				minimumVersion = 9.0.6;
			};
		};
		B58358932DEDD55B0066B32E /* XCRemoteSwiftPackageReference "GRDB.swift" */ = {
			isa = XCRemoteSwiftPackageReference;
			repositoryURL = "https://github.com/groue/GRDB.swift.git";
			requirement = {
				kind = upToNextMajorVersion;
				minimumVersion = 7.8.0;
			};
		};
		B58358962DEDD5790066B32E /* XCRemoteSwiftPackageReference "Kingfisher" */ = {
			isa = XCRemoteSwiftPackageReference;
			repositoryURL = "https://github.com/onevcat/Kingfisher.git";
			requirement = {
				kind = upToNextMajorVersion;
				minimumVersion = 8.6.2;
			};
		};
		B58358992DEDD5980066B32E /* XCRemoteSwiftPackageReference "OpenAI" */ = {
			isa = XCRemoteSwiftPackageReference;
			repositoryURL = "https://github.com/sunvc/OpenAI.git";
			requirement = {
				kind = upToNextMajorVersion;
				minimumVersion = 1.0.0;
			};
		};
		B58358A22DEDD6090066B32E /* XCRemoteSwiftPackageReference "swift-cmark" */ = {
			isa = XCRemoteSwiftPackageReference;
			repositoryURL = "https://github.com/swiftlang/swift-cmark";
			requirement = {
				kind = upToNextMajorVersion;
				minimumVersion = 0.7.1;
			};
		};
		BAAA191D2F390F3300E0D66F /* XCRemoteSwiftPackageReference "swift-markdown-ui" */ = {
			isa = XCRemoteSwiftPackageReference;
			repositoryURL = "https://github.com/sunvc/swift-markdown-ui";
			requirement = {
				kind = upToNextMajorVersion;
				minimumVersion = 1.0.0;
			};
		};
		BAAA19222F390F5600E0D66F /* XCRemoteSwiftPackageReference "QRScanner" */ = {
			isa = XCRemoteSwiftPackageReference;
			repositoryURL = "https://github.com/sunvc/QRScanner";
			requirement = {
				kind = upToNextMajorVersion;
				minimumVersion = 1.0.0;
			};
		};
		BAB4797F2ED2392C00EE84AC /* XCRemoteSwiftPackageReference "Zip" */ = {
			isa = XCRemoteSwiftPackageReference;
			repositoryURL = "https://github.com/sunvc/Zip.git";
			requirement = {
				kind = upToNextMajorVersion;
				minimumVersion = 2.1.2;
			};
		};
/* End XCRemoteSwiftPackageReference section */

/* Begin XCSwiftPackageProductDependency section */
		B58358912DEDD4E10066B32E /* Defaults */ = {
			isa = XCSwiftPackageProductDependency;
			package = B58358902DEDD4E10066B32E /* XCRemoteSwiftPackageReference "Defaults" */;
			productName = Defaults;
		};
		B58358942DEDD55B0066B32E /* GRDB */ = {
			isa = XCSwiftPackageProductDependency;
			package = B58358932DEDD55B0066B32E /* XCRemoteSwiftPackageReference "GRDB.swift" */;
			productName = GRDB;
		};
		B58358972DEDD5790066B32E /* Kingfisher */ = {
			isa = XCSwiftPackageProductDependency;
			package = B58358962DEDD5790066B32E /* XCRemoteSwiftPackageReference "Kingfisher" */;
			productName = Kingfisher;
		};
		B583589A2DEDD5980066B32E /* OpenAI */ = {
			isa = XCSwiftPackageProductDependency;
			package = B58358992DEDD5980066B32E /* XCRemoteSwiftPackageReference "OpenAI" */;
			productName = OpenAI;
		};
		B58358A32DEDD6090066B32E /* cmark-gfm */ = {
			isa = XCSwiftPackageProductDependency;
			package = B58358A22DEDD6090066B32E /* XCRemoteSwiftPackageReference "swift-cmark" */;
			productName = "cmark-gfm";
		};
		B58358A52DEDD6090066B32E /* cmark-gfm-extensions */ = {
			isa = XCSwiftPackageProductDependency;
			package = B58358A22DEDD6090066B32E /* XCRemoteSwiftPackageReference "swift-cmark" */;
			productName = "cmark-gfm-extensions";
		};
		B5835D2D2DEDF3370066B32E /* Defaults */ = {
			isa = XCSwiftPackageProductDependency;
			package = B58358902DEDD4E10066B32E /* XCRemoteSwiftPackageReference "Defaults" */;
			productName = Defaults;
		};
		B5835D2F2DEDF3370066B32E /* Kingfisher */ = {
			isa = XCSwiftPackageProductDependency;
			package = B58358962DEDD5790066B32E /* XCRemoteSwiftPackageReference "Kingfisher" */;
			productName = Kingfisher;
		};
		B5835D352DEDF9090066B32E /* Defaults */ = {
			isa = XCSwiftPackageProductDependency;
			package = B58358902DEDD4E10066B32E /* XCRemoteSwiftPackageReference "Defaults" */;
			productName = Defaults;
		};
		B5835D372DEDF9090066B32E /* GRDB */ = {
			isa = XCSwiftPackageProductDependency;
			package = B58358932DEDD55B0066B32E /* XCRemoteSwiftPackageReference "GRDB.swift" */;
			productName = GRDB;
		};
		B5835D392DEDF9090066B32E /* Kingfisher */ = {
			isa = XCSwiftPackageProductDependency;
			package = B58358962DEDD5790066B32E /* XCRemoteSwiftPackageReference "Kingfisher" */;
			productName = Kingfisher;
		};
		B5835D3D2DEDF92A0066B32E /* cmark-gfm */ = {
			isa = XCSwiftPackageProductDependency;
			package = B58358A22DEDD6090066B32E /* XCRemoteSwiftPackageReference "swift-cmark" */;
			productName = "cmark-gfm";
		};
		B5835D3F2DEDF92A0066B32E /* cmark-gfm-extensions */ = {
			isa = XCSwiftPackageProductDependency;
			package = B58358A22DEDD6090066B32E /* XCRemoteSwiftPackageReference "swift-cmark" */;
			productName = "cmark-gfm-extensions";
		};
		B5835D602DEDFD070066B32E /* Defaults */ = {
			isa = XCSwiftPackageProductDependency;
			package = B58358902DEDD4E10066B32E /* XCRemoteSwiftPackageReference "Defaults" */;
			productName = Defaults;
		};
		B5835D772DEDFFF90066B32E /* cmark-gfm */ = {
			isa = XCSwiftPackageProductDependency;
			package = B58358A22DEDD6090066B32E /* XCRemoteSwiftPackageReference "swift-cmark" */;
			productName = "cmark-gfm";
		};
		B5835D792DEDFFF90066B32E /* cmark-gfm-extensions */ = {
			isa = XCSwiftPackageProductDependency;
			package = B58358A22DEDD6090066B32E /* XCRemoteSwiftPackageReference "swift-cmark" */;
			productName = "cmark-gfm-extensions";
		};
		BA2F863D2F2311AC00CEBC4F /* MarkdownUI */ = {
			isa = XCSwiftPackageProductDependency;
			productName = MarkdownUI;
		};
		BA2F863F2F2311AC00CEBC4F /* Splash */ = {
			isa = XCSwiftPackageProductDependency;
			productName = Splash;
		};
		BA47C6162F305FF900866562 /* MarkdownUI */ = {
			isa = XCSwiftPackageProductDependency;
			productName = MarkdownUI;
		};
		BA47C6182F305FF900866562 /* Splash */ = {
			isa = XCSwiftPackageProductDependency;
			productName = Splash;
		};
		BA47C6252F307D1700866562 /* MarkdownUI */ = {
			isa = XCSwiftPackageProductDependency;
			productName = MarkdownUI;
		};
		BA47C6272F307D1700866562 /* Splash */ = {
			isa = XCSwiftPackageProductDependency;
			productName = Splash;
		};
		BA47C6322F31FCC600866562 /* MarkdownUI */ = {
			isa = XCSwiftPackageProductDependency;
			productName = MarkdownUI;
		};
		BA47C6342F31FCC600866562 /* Splash */ = {
			isa = XCSwiftPackageProductDependency;
			productName = Splash;
		};
		BA47C63E2F32293F00866562 /* MarkdownUI */ = {
			isa = XCSwiftPackageProductDependency;
			productName = MarkdownUI;
		};
		BA47C6402F32293F00866562 /* Splash */ = {
			isa = XCSwiftPackageProductDependency;
			productName = Splash;
		};
		BA66AD762F2CD8D800ADEDF5 /* MarkdownUI */ = {
			isa = XCSwiftPackageProductDependency;
			productName = MarkdownUI;
		};
		BA66AD782F2CD8D800ADEDF5 /* Splash */ = {
			isa = XCSwiftPackageProductDependency;
			productName = Splash;
		};
		BA66AD802F2DBE4B00ADEDF5 /* QRScanner */ = {
			isa = XCSwiftPackageProductDependency;
			productName = QRScanner;
		};
		BA71767C2F233E4900D1BF03 /* MarkdownUI */ = {
			isa = XCSwiftPackageProductDependency;
			productName = MarkdownUI;
		};
		BA8197872F2B003D00623275 /* Splash */ = {
			isa = XCSwiftPackageProductDependency;
			productName = Splash;
		};
		BAAA191E2F390F3300E0D66F /* MarkdownUI */ = {
			isa = XCSwiftPackageProductDependency;
			package = BAAA191D2F390F3300E0D66F /* XCRemoteSwiftPackageReference "swift-markdown-ui" */;
			productName = MarkdownUI;
		};
		BAAA19202F390F3300E0D66F /* Splash */ = {
			isa = XCSwiftPackageProductDependency;
			package = BAAA191D2F390F3300E0D66F /* XCRemoteSwiftPackageReference "swift-markdown-ui" */;
			productName = Splash;
		};
		BAAA19232F390F5600E0D66F /* QRScanner */ = {
			isa = XCSwiftPackageProductDependency;
			package = BAAA19222F390F5600E0D66F /* XCRemoteSwiftPackageReference "QRScanner" */;
			productName = QRScanner;
		};
		BAB479802ED2392C00EE84AC /* Zip */ = {
			isa = XCSwiftPackageProductDependency;
			package = BAB4797F2ED2392C00EE84AC /* XCRemoteSwiftPackageReference "Zip" */;
			productName = Zip;
		};
/* End XCSwiftPackageProductDependency section */
	};
	rootObject = B58357EF2DEDD3B10066B32E /* Project object */;
}
